
Microsoft Visual Studio Solution File, Format Version 12.00
# Visual Studio Version 17
Project("{8BC9CEB8-8B4A-11D0-8D11-00A0C91BC942}") = "ALL_BUILD", "ALL_BUILD.vcxproj", "{376B1B28-3F68-3143-99EB-7A6FCF809FA4}"
	ProjectSection(ProjectDependencies) = postProject
		{04CECE61-65F7-3CDD-B548-3184F1205FE4} = {04CECE61-65F7-3CDD-B548-3184F1205FE4}
		{09BB768E-0A74-3BC5-A57B-63022A9D6E84} = {09BB768E-0A74-3BC5-A57B-63022A9D6E84}
		{F458B338-B748-341E-8810-57B1051B4D74} = {F458B338-B748-341E-8810-57B1051B4D74}
	EndProjectSection
EndProject
Project("{8BC9CEB8-8B4A-11D0-8D11-00A0C91BC942}") = "ModuleTest", "ModuleTest.vcxproj", "{04CECE61-65F7-3CDD-B548-3184F1205FE4}"
	ProjectSection(ProjectDependencies) = postProject
		{F458B338-B748-341E-8810-57B1051B4D74} = {F458B338-B748-341E-8810-57B1051B4D74}
	EndProjectSection
EndProject
Project("{8BC9CEB8-8B4A-11D0-8D11-00A0C91BC942}") = "MyProject", "MyProject.vcxproj", "{09BB768E-0A74-3BC5-A57B-63022A9D6E84}"
	ProjectSection(ProjectDependencies) = postProject
		{F458B338-B748-341E-8810-57B1051B4D74} = {F458B338-B748-341E-8810-57B1051B4D74}
	EndProjectSection
EndProject
Project("{8BC9CEB8-8B4A-11D0-8D11-00A0C91BC942}") = "ZERO_CHECK", "ZERO_CHECK.vcxproj", "{F458B338-B748-341E-8810-57B1051B4D74}"
	ProjectSection(ProjectDependencies) = postProject
	EndProjectSection
EndProject
Global
	GlobalSection(SolutionConfigurationPlatforms) = preSolution
		Debug|x64 = Debug|x64
		Release|x64 = Release|x64
		MinSizeRel|x64 = MinSizeRel|x64
		RelWithDebInfo|x64 = RelWithDebInfo|x64
	EndGlobalSection
	GlobalSection(ProjectConfigurationPlatforms) = postSolution
		{376B1B28-3F68-3143-99EB-7A6FCF809FA4}.Debug|x64.ActiveCfg = Debug|x64
		{376B1B28-3F68-3143-99EB-7A6FCF809FA4}.Release|x64.ActiveCfg = Release|x64
		{376B1B28-3F68-3143-99EB-7A6FCF809FA4}.MinSizeRel|x64.ActiveCfg = MinSizeRel|x64
		{376B1B28-3F68-3143-99EB-7A6FCF809FA4}.RelWithDebInfo|x64.ActiveCfg = RelWithDebInfo|x64
		{04CECE61-65F7-3CDD-B548-3184F1205FE4}.Debug|x64.ActiveCfg = Debug|x64
		{04CECE61-65F7-3CDD-B548-3184F1205FE4}.Debug|x64.Build.0 = Debug|x64
		{04CECE61-65F7-3CDD-B548-3184F1205FE4}.Release|x64.ActiveCfg = Release|x64
		{04CECE61-65F7-3CDD-B548-3184F1205FE4}.Release|x64.Build.0 = Release|x64
		{04CECE61-65F7-3CDD-B548-3184F1205FE4}.MinSizeRel|x64.ActiveCfg = MinSizeRel|x64
		{04CECE61-65F7-3CDD-B548-3184F1205FE4}.MinSizeRel|x64.Build.0 = MinSizeRel|x64
		{04CECE61-65F7-3CDD-B548-3184F1205FE4}.RelWithDebInfo|x64.ActiveCfg = RelWithDebInfo|x64
		{04CECE61-65F7-3CDD-B548-3184F1205FE4}.RelWithDebInfo|x64.Build.0 = RelWithDebInfo|x64
		{09BB768E-0A74-3BC5-A57B-63022A9D6E84}.Debug|x64.ActiveCfg = Debug|x64
		{09BB768E-0A74-3BC5-A57B-63022A9D6E84}.Debug|x64.Build.0 = Debug|x64
		{09BB768E-0A74-3BC5-A57B-63022A9D6E84}.Release|x64.ActiveCfg = Release|x64
		{09BB768E-0A74-3BC5-A57B-63022A9D6E84}.Release|x64.Build.0 = Release|x64
		{09BB768E-0A74-3BC5-A57B-63022A9D6E84}.MinSizeRel|x64.ActiveCfg = MinSizeRel|x64
		{09BB768E-0A74-3BC5-A57B-63022A9D6E84}.MinSizeRel|x64.Build.0 = MinSizeRel|x64
		{09BB768E-0A74-3BC5-A57B-63022A9D6E84}.RelWithDebInfo|x64.ActiveCfg = RelWithDebInfo|x64
		{09BB768E-0A74-3BC5-A57B-63022A9D6E84}.RelWithDebInfo|x64.Build.0 = RelWithDebInfo|x64
		{F458B338-B748-341E-8810-57B1051B4D74}.Debug|x64.ActiveCfg = Debug|x64
		{F458B338-B748-341E-8810-57B1051B4D74}.Debug|x64.Build.0 = Debug|x64
		{F458B338-B748-341E-8810-57B1051B4D74}.Release|x64.ActiveCfg = Release|x64
		{F458B338-B748-341E-8810-57B1051B4D74}.Release|x64.Build.0 = Release|x64
		{F458B338-B748-341E-8810-57B1051B4D74}.MinSizeRel|x64.ActiveCfg = MinSizeRel|x64
		{F458B338-B748-341E-8810-57B1051B4D74}.MinSizeRel|x64.Build.0 = MinSizeRel|x64
		{F458B338-B748-341E-8810-57B1051B4D74}.RelWithDebInfo|x64.ActiveCfg = RelWithDebInfo|x64
		{F458B338-B748-341E-8810-57B1051B4D74}.RelWithDebInfo|x64.Build.0 = RelWithDebInfo|x64
	EndGlobalSection
	GlobalSection(ExtensibilityGlobals) = postSolution
		SolutionGuid = {01A6E7CB-E1A2-322A-8A6D-922EF360B248}
	EndGlobalSection
	GlobalSection(ExtensibilityAddIns) = postSolution
	EndGlobalSection
EndGlobal
