<?xml version="1.0" encoding="utf-8"?>
<Project ToolsVersion="17.0" xmlns="http://schemas.microsoft.com/developer/msbuild/2003">
  <ItemGroup>
    <CustomBuild Include="C:\Users\surenderdell\OneDrive - essensys\Desktop\Cmake Getting Started\test\CMakeFiles\8ae05a86bb1d27500a56c8baf37286fb\generate.stamp.rule">
      <Filter>CMake Rules</Filter>
    </CustomBuild>
  </ItemGroup>
  <ItemGroup>
    <Filter Include="CMake Rules">
      <UniqueIdentifier>{D647D0FF-829F-34AB-912A-EE48DB4ACFEB}</UniqueIdentifier>
    </Filter>
  </ItemGroup>
</Project>
